
Microsoft Visual Studio Solution File, Format Version 12.00
# Visual Studio Version 16
VisualStudioVersion = 25.0.1703.6
MinimumVisualStudioVersion = 10.0.40219.1
Project("{FAE04EC0-301F-11D3-BF4B-00C04F79EFBC}") = "XamTestBinding", "XamTestBinding\XamTestBinding.csproj", "{20E1496E-A1D7-43D1-ABA9-80249F01CBDA}"
EndProject
Project("{FAE04EC0-301F-11D3-BF4B-00C04F79EFBC}") = "XamTestApp", "..\XamTestApp\XamTestApp\XamTestApp.csproj", "{3BF3B1B2-8796-4F48-B775-71FC5D7F2B00}"
EndProject
Global
	GlobalSection(SolutionConfigurationPlatforms) = preSolution
		Debug|Any CPU = Debug|Any CPU
		Release|Any CPU = Release|Any CPU
		Debug|iPhoneSimulator = Debug|iPhoneSimulator
		Release|iPhoneSimulator = Release|iPhoneSimulator
		Debug|iPhone = Debug|iPhone
		Release|iPhone = Release|iPhone
	EndGlobalSection
	GlobalSection(ProjectConfigurationPlatforms) = postSolution
		{20E1496E-A1D7-43D1-ABA9-80249F01CBDA}.Debug|Any CPU.ActiveCfg = Debug|Any CPU
		{20E1496E-A1D7-43D1-ABA9-80249F01CBDA}.Debug|Any CPU.Build.0 = Debug|Any CPU
		{20E1496E-A1D7-43D1-ABA9-80249F01CBDA}.Release|Any CPU.ActiveCfg = Release|Any CPU
		{20E1496E-A1D7-43D1-ABA9-80249F01CBDA}.Release|Any CPU.Build.0 = Release|Any CPU
		{20E1496E-A1D7-43D1-ABA9-80249F01CBDA}.Debug|iPhoneSimulator.ActiveCfg = Debug|Any CPU
		{20E1496E-A1D7-43D1-ABA9-80249F01CBDA}.Debug|iPhoneSimulator.Build.0 = Debug|Any CPU
		{20E1496E-A1D7-43D1-ABA9-80249F01CBDA}.Release|iPhoneSimulator.ActiveCfg = Release|Any CPU
		{20E1496E-A1D7-43D1-ABA9-80249F01CBDA}.Release|iPhoneSimulator.Build.0 = Release|Any CPU
		{20E1496E-A1D7-43D1-ABA9-80249F01CBDA}.Debug|iPhone.ActiveCfg = Debug|Any CPU
		{20E1496E-A1D7-43D1-ABA9-80249F01CBDA}.Debug|iPhone.Build.0 = Debug|Any CPU
		{20E1496E-A1D7-43D1-ABA9-80249F01CBDA}.Release|iPhone.ActiveCfg = Release|Any CPU
		{20E1496E-A1D7-43D1-ABA9-80249F01CBDA}.Release|iPhone.Build.0 = Release|Any CPU
		{3BF3B1B2-8796-4F48-B775-71FC5D7F2B00}.Debug|Any CPU.ActiveCfg = Debug|iPhoneSimulator
		{3BF3B1B2-8796-4F48-B775-71FC5D7F2B00}.Debug|Any CPU.Build.0 = Debug|iPhoneSimulator
		{3BF3B1B2-8796-4F48-B775-71FC5D7F2B00}.Release|Any CPU.ActiveCfg = Release|iPhoneSimulator
		{3BF3B1B2-8796-4F48-B775-71FC5D7F2B00}.Release|Any CPU.Build.0 = Release|iPhoneSimulator
		{3BF3B1B2-8796-4F48-B775-71FC5D7F2B00}.Debug|iPhoneSimulator.ActiveCfg = Debug|iPhoneSimulator
		{3BF3B1B2-8796-4F48-B775-71FC5D7F2B00}.Debug|iPhoneSimulator.Build.0 = Debug|iPhoneSimulator
		{3BF3B1B2-8796-4F48-B775-71FC5D7F2B00}.Release|iPhoneSimulator.ActiveCfg = Release|iPhoneSimulator
		{3BF3B1B2-8796-4F48-B775-71FC5D7F2B00}.Release|iPhoneSimulator.Build.0 = Release|iPhoneSimulator
		{3BF3B1B2-8796-4F48-B775-71FC5D7F2B00}.Debug|iPhone.ActiveCfg = Debug|iPhone
		{3BF3B1B2-8796-4F48-B775-71FC5D7F2B00}.Debug|iPhone.Build.0 = Debug|iPhone
		{3BF3B1B2-8796-4F48-B775-71FC5D7F2B00}.Release|iPhone.ActiveCfg = Release|iPhone
		{3BF3B1B2-8796-4F48-B775-71FC5D7F2B00}.Release|iPhone.Build.0 = Release|iPhone
	EndGlobalSection
	GlobalSection(SolutionProperties) = preSolution
		HideSolutionNode = FALSE
	EndGlobalSection
	GlobalSection(ExtensibilityGlobals) = postSolution
		SolutionGuid = {07D544AE-2A9A-4FC8-A6F3-CCF4749B833E}
	EndGlobalSection
EndGlobal
